# Code generated by scarb DO NOT EDIT.
version = 1

[[package]]
name = "arcade_account"
version = "0.1.0"
source = "git+https://github.com/BibliothecaDAO/arcade-account?branch=next#c24e720d75fc3b85b878dd896ae8d0d26ce8e04d"
dependencies = [
 "openzeppelin",
]

[[package]]
name = "golden_token"
version = "0.1.0"
dependencies = [
 "arcade_account",
 "openzeppelin",
]

[[package]]
name = "openzeppelin"
version = "0.9.0"
source = "git+https://github.com/OpenZeppelin/cairo-contracts.git?tag=v0.9.0#861fc416f87addbe23a3b47f9d19ab27c10d5dc8"
